{
    "version": 3,
    "terraform_version": "0.10.4",
    "serial": 5,
    "lineage": "d7068474-1760-4d5c-a6bf-3c85fbca0bd5",
    "modules": [
        {
            "path": [
                "root"
            ],
            "outputs": {
                "private_dns": {
                    "sensitive": false,
                    "type": "list",
                    "value": [
                        "smashing-oyster.qa0iafmmn1vunfmwbobie21m2f.px.internal.cloudapp.net",
                        "good-goshawk.qa0iafmmn1vunfmwbobie21m2f.px.internal.cloudapp.net"
                    ]
                },
                "private_ips": {
                    "sensitive": false,
                    "type": "list",
                    "value": [
                        "10.100.16.4",
                        "10.100.16.5"
                    ]
                },
                "private_mac_address": {
                    "sensitive": false,
                    "type": "list",
                    "value": [
                        "00-0D-3A-D0-30-E7",
                        "00-0D-3A-D0-4E-47"
                    ]
                },
                "public_dns": {
                    "sensitive": false,
                    "type": "list",
                    "value": []
                },
                "public_ips": {
                    "sensitive": false,
                    "type": "list",
                    "value": []
                }
            },
            "resources": {
                "azurerm_availability_set.as": {
                    "type": "azurerm_availability_set",
                    "depends_on": [
                        "azurerm_resource_group.rg",
                        "data.consul_keys.keys",
                        "module.tags",
                        "random_pet.vm_name.*"
                    ],
                    "primary": {
                        "id": "/subscriptions/803a5c9b-e5c9-4acd-887a-192e19bfe21c/resourceGroups/A00001-odev/providers/Microsoft.Compute/availabilitySets/smashing-oyster-as",
                        "attributes": {
                            "id": "/subscriptions/803a5c9b-e5c9-4acd-887a-192e19bfe21c/resourceGroups/A00001-odev/providers/Microsoft.Compute/availabilitySets/smashing-oyster-as",
                            "location": "australiaeast",
                            "managed": "true",
                            "name": "smashing-oyster-as",
                            "platform_fault_domain_count": "2",
                            "platform_update_domain_count": "5",
                            "resource_group_name": "A00001-odev",
                            "tags.%": "4",
                            "tags.App ID": "A00001",
                            "tags.App Name": "TEST_APP",
                            "tags.Cost Centre": "123456",
                            "tags.Subnet Name": "private"
                        },
                        "meta": {},
                        "tainted": false
                    },
                    "deposed": [],
                    "provider": ""
                },
                "azurerm_network_interface.ni.0": {
                    "type": "azurerm_network_interface",
                    "depends_on": [
                        "azurerm_public_ip.pi.*",
                        "azurerm_resource_group.rg",
                        "data.consul_keys.keys",
                        "module.tags",
                        "random_pet.vm_name.*"
                    ],
                    "primary": {
                        "id": "/subscriptions/803a5c9b-e5c9-4acd-887a-192e19bfe21c/resourceGroups/A00001-odev/providers/Microsoft.Network/networkInterfaces/smashing-oyster-nic",
                        "attributes": {
                            "applied_dns_servers.#": "0",
                            "dns_servers.#": "0",
                            "enable_ip_forwarding": "false",
                            "id": "/subscriptions/803a5c9b-e5c9-4acd-887a-192e19bfe21c/resourceGroups/A00001-odev/providers/Microsoft.Network/networkInterfaces/smashing-oyster-nic",
                            "internal_dns_name_label": "smashing-oyster",
                            "internal_fqdn": "smashing-oyster.qa0iafmmn1vunfmwbobie21m2f.px.internal.cloudapp.net",
                            "ip_configuration.#": "1",
                            "ip_configuration.0.load_balancer_backend_address_pools_ids.#": "0",
                            "ip_configuration.0.load_balancer_inbound_nat_rules_ids.#": "0",
                            "ip_configuration.0.name": "smashing-oyster",
                            "ip_configuration.0.primary": "true",
                            "ip_configuration.0.private_ip_address": "",
                            "ip_configuration.0.private_ip_address_allocation": "dynamic",
                            "ip_configuration.0.public_ip_address_id": "",
                            "ip_configuration.0.subnet_id": "/subscriptions/803a5c9b-e5c9-4acd-887a-192e19bfe21c/resourceGroups/core-odev-syd/providers/Microsoft.Network/virtualNetworks/core-odev-syd/subnets/private",
                            "location": "australiaeast",
                            "mac_address": "00-0D-3A-D0-30-E7",
                            "name": "smashing-oyster-nic",
                            "network_security_group_id": "",
                            "private_ip_address": "10.100.16.4",
                            "resource_group_name": "A00001-odev",
                            "tags.%": "4",
                            "tags.App ID": "A00001",
                            "tags.App Name": "TEST_APP",
                            "tags.Cost Centre": "123456",
                            "tags.Subnet Name": "private",
                            "virtual_machine_id": "/subscriptions/803a5c9b-e5c9-4acd-887a-192e19bfe21c/resourceGroups/A00001-odev/providers/Microsoft.Compute/virtualMachines/smashing-oyster"
                        },
                        "meta": {},
                        "tainted": false
                    },
                    "deposed": [],
                    "provider": ""
                },
                "azurerm_network_interface.ni.1": {
                    "type": "azurerm_network_interface",
                    "depends_on": [
                        "azurerm_public_ip.pi.*",
                        "azurerm_resource_group.rg",
                        "data.consul_keys.keys",
                        "module.tags",
                        "random_pet.vm_name.*"
                    ],
                    "primary": {
                        "id": "/subscriptions/803a5c9b-e5c9-4acd-887a-192e19bfe21c/resourceGroups/A00001-odev/providers/Microsoft.Network/networkInterfaces/good-goshawk-nic",
                        "attributes": {
                            "applied_dns_servers.#": "0",
                            "dns_servers.#": "0",
                            "enable_ip_forwarding": "false",
                            "id": "/subscriptions/803a5c9b-e5c9-4acd-887a-192e19bfe21c/resourceGroups/A00001-odev/providers/Microsoft.Network/networkInterfaces/good-goshawk-nic",
                            "internal_dns_name_label": "good-goshawk",
                            "internal_fqdn": "good-goshawk.qa0iafmmn1vunfmwbobie21m2f.px.internal.cloudapp.net",
                            "ip_configuration.#": "1",
                            "ip_configuration.0.load_balancer_backend_address_pools_ids.#": "0",
                            "ip_configuration.0.load_balancer_inbound_nat_rules_ids.#": "0",
                            "ip_configuration.0.name": "good-goshawk",
                            "ip_configuration.0.primary": "true",
                            "ip_configuration.0.private_ip_address": "",
                            "ip_configuration.0.private_ip_address_allocation": "dynamic",
                            "ip_configuration.0.public_ip_address_id": "",
                            "ip_configuration.0.subnet_id": "/subscriptions/803a5c9b-e5c9-4acd-887a-192e19bfe21c/resourceGroups/core-odev-syd/providers/Microsoft.Network/virtualNetworks/core-odev-syd/subnets/private",
                            "location": "australiaeast",
                            "mac_address": "00-0D-3A-D0-4E-47",
                            "name": "good-goshawk-nic",
                            "network_security_group_id": "",
                            "private_ip_address": "10.100.16.5",
                            "resource_group_name": "A00001-odev",
                            "tags.%": "4",
                            "tags.App ID": "A00001",
                            "tags.App Name": "TEST_APP",
                            "tags.Cost Centre": "123456",
                            "tags.Subnet Name": "private",
                            "virtual_machine_id": "/subscriptions/803a5c9b-e5c9-4acd-887a-192e19bfe21c/resourceGroups/A00001-odev/providers/Microsoft.Compute/virtualMachines/good-goshawk"
                        },
                        "meta": {},
                        "tainted": false
                    },
                    "deposed": [],
                    "provider": ""
                },
                "azurerm_resource_group.rg": {
                    "type": "azurerm_resource_group",
                    "depends_on": [
                        "data.consul_keys.keys"
                    ],
                    "primary": {
                        "id": "/subscriptions/803a5c9b-e5c9-4acd-887a-192e19bfe21c/resourceGroups/A00001-odev",
                        "attributes": {
                            "id": "/subscriptions/803a5c9b-e5c9-4acd-887a-192e19bfe21c/resourceGroups/A00001-odev",
                            "location": "australiaeast",
                            "name": "A00001-odev",
                            "tags.%": "0"
                        },
                        "meta": {},
                        "tainted": false
                    },
                    "deposed": [],
                    "provider": ""
                },
                "random_pet.vm_name.0": {
                    "type": "random_pet",
                    "depends_on": [],
                    "primary": {
                        "id": "smashing-oyster",
                        "attributes": {
                            "id": "smashing-oyster",
                            "length": "2",
                            "separator": "-"
                        },
                        "meta": {},
                        "tainted": false
                    },
                    "deposed": [],
                    "provider": ""
                },
                "random_pet.vm_name.1": {
                    "type": "random_pet",
                    "depends_on": [],
                    "primary": {
                        "id": "good-goshawk",
                        "attributes": {
                            "id": "good-goshawk",
                            "length": "2",
                            "separator": "-"
                        },
                        "meta": {},
                        "tainted": false
                    },
                    "deposed": [],
                    "provider": ""
                }
            },
            "depends_on": []
        },
        {
            "path": [
                "root",
                "tags"
            ],
            "outputs": {
                "standard_tags": {
                    "sensitive": false,
                    "type": "map",
                    "value": {
                        "App ID": "A00001",
                        "App Name": "TEST_APP",
                        "Cost Centre": "123456",
                        "Subnet Name": "private"
                    }
                }
            },
            "resources": {},
            "depends_on": []
        }
    ]
}
